
Microsoft Visual Studio Solution File, Format Version 12.00
# Visual Studio Version 17
VisualStudioVersion = 17.13.35825.156 d17.13
MinimumVisualStudioVersion = 10.0.40219.1
Project("{FAE04EC0-301F-11D3-BF4B-00C04F79EFBC}") = "ConsoleAppBank", "ConsoleAppBank\ConsoleAppBank.csproj", "{BEB77141-0629-4848-A16D-0717DEC853A4}"
EndProject
Project("{FAE04EC0-301F-11D3-BF4B-00C04F79EFBC}") = "BankLibrary", "BankLibrary\BankLibrary.csproj", "{113831A9-2E60-4CB4-90B1-ADAB687A4E50}"
EndProject
Project("{FAE04EC0-301F-11D3-BF4B-00C04F79EFBC}") = "BankTestsProject", "BankTestsProject\BankTestsProject.csproj", "{20E2F6FD-C115-459B-B923-92811859BC37}"
EndProject
Global
	GlobalSection(SolutionConfigurationPlatforms) = preSolution
		Debug|Any CPU = Debug|Any CPU
		Release|Any CPU = Release|Any CPU
	EndGlobalSection
	GlobalSection(ProjectConfigurationPlatforms) = postSolution
		{BEB77141-0629-4848-A16D-0717DEC853A4}.Debug|Any CPU.ActiveCfg = Debug|Any CPU
		{BEB77141-0629-4848-A16D-0717DEC853A4}.Debug|Any CPU.Build.0 = Debug|Any CPU
		{BEB77141-0629-4848-A16D-0717DEC853A4}.Release|Any CPU.ActiveCfg = Release|Any CPU
		{BEB77141-0629-4848-A16D-0717DEC853A4}.Release|Any CPU.Build.0 = Release|Any CPU
		{113831A9-2E60-4CB4-90B1-ADAB687A4E50}.Debug|Any CPU.ActiveCfg = Debug|Any CPU
		{113831A9-2E60-4CB4-90B1-ADAB687A4E50}.Debug|Any CPU.Build.0 = Debug|Any CPU
		{113831A9-2E60-4CB4-90B1-ADAB687A4E50}.Release|Any CPU.ActiveCfg = Release|Any CPU
		{113831A9-2E60-4CB4-90B1-ADAB687A4E50}.Release|Any CPU.Build.0 = Release|Any CPU
		{20E2F6FD-C115-459B-B923-92811859BC37}.Debug|Any CPU.ActiveCfg = Debug|Any CPU
		{20E2F6FD-C115-459B-B923-92811859BC37}.Debug|Any CPU.Build.0 = Debug|Any CPU
		{20E2F6FD-C115-459B-B923-92811859BC37}.Release|Any CPU.ActiveCfg = Release|Any CPU
		{20E2F6FD-C115-459B-B923-92811859BC37}.Release|Any CPU.Build.0 = Release|Any CPU
	EndGlobalSection
	GlobalSection(SolutionProperties) = preSolution
		HideSolutionNode = FALSE
	EndGlobalSection
	GlobalSection(ExtensibilityGlobals) = postSolution
		SolutionGuid = {3403BF67-9E8F-4EED-BDB6-A5DD3F4B4E23}
	EndGlobalSection
EndGlobal
